
Microsoft Visual Studio Solution File, Format Version 12.00
# Visual Studio 2012
Project("{FAE04EC0-301F-11D3-BF4B-00C04F79EFBC}") = "Stack_Project", "Stack_Project\Stack_Project.csproj", "{405A1A0F-0769-419D-AE0F-6DD2C90BFDDE}"
EndProject
Global
	GlobalSection(SolutionConfigurationPlatforms) = preSolution
		Debug|Any CPU = Debug|Any CPU
		Release|Any CPU = Release|Any CPU
	EndGlobalSection
	GlobalSection(ProjectConfigurationPlatforms) = postSolution
		{405A1A0F-0769-419D-AE0F-6DD2C90BFDDE}.Debug|Any CPU.ActiveCfg = Debug|Any CPU
		{405A1A0F-0769-419D-AE0F-6DD2C90BFDDE}.Debug|Any CPU.Build.0 = Debug|Any CPU
		{405A1A0F-0769-419D-AE0F-6DD2C90BFDDE}.Release|Any CPU.ActiveCfg = Release|Any CPU
		{405A1A0F-0769-419D-AE0F-6DD2C90BFDDE}.Release|Any CPU.Build.0 = Release|Any CPU
	EndGlobalSection
	GlobalSection(SolutionProperties) = preSolution
		HideSolutionNode = FALSE
	EndGlobalSection
EndGlobal
